
Microsoft Visual Studio Solution File, Format Version 12.00
# Visual Studio 15
VisualStudioVersion = 15.0.27130.2010
MinimumVisualStudioVersion = 10.0.40219.1
Project("{FAE04EC0-301F-11D3-BF4B-00C04F79EFBC}") = "Northwind.Entities", "Northwind.Entities\Northwind.Entities.csproj", "{836AF7C2-2EB9-4666-AC07-0F556DA3A402}"
EndProject
Project("{FAE04EC0-301F-11D3-BF4B-00C04F79EFBC}") = "Northwind.DataAccess", "Northwind.DataAccess\Northwind.DataAccess.csproj", "{7FAC157F-EFA7-48EB-8C7E-AC4F88A88F4A}"
EndProject
Project("{FAE04EC0-301F-11D3-BF4B-00C04F79EFBC}") = "Northwind.Business", "Northwind.Business\Northwind.Business.csproj", "{2F3190B5-95D4-4487-9A89-217D021D4035}"
EndProject
Project("{FAE04EC0-301F-11D3-BF4B-00C04F79EFBC}") = "Northwind.WebFormsUI", "Northwind.WebFormsUI\Northwind.WebFormsUI.csproj", "{2345933A-5EDF-4B91-B9FD-AAB7A5716381}"
EndProject
Project("{FAE04EC0-301F-11D3-BF4B-00C04F79EFBC}") = "Northwind.Test", "Northwind.Test\Northwind.Test.csproj", "{468ED02A-0BD6-4BCF-8C55-89C786AE0462}"
EndProject
Global
	GlobalSection(SolutionConfigurationPlatforms) = preSolution
		Debug|Any CPU = Debug|Any CPU
		Release|Any CPU = Release|Any CPU
	EndGlobalSection
	GlobalSection(ProjectConfigurationPlatforms) = postSolution
		{836AF7C2-2EB9-4666-AC07-0F556DA3A402}.Debug|Any CPU.ActiveCfg = Debug|Any CPU
		{836AF7C2-2EB9-4666-AC07-0F556DA3A402}.Debug|Any CPU.Build.0 = Debug|Any CPU
		{836AF7C2-2EB9-4666-AC07-0F556DA3A402}.Release|Any CPU.ActiveCfg = Release|Any CPU
		{836AF7C2-2EB9-4666-AC07-0F556DA3A402}.Release|Any CPU.Build.0 = Release|Any CPU
		{7FAC157F-EFA7-48EB-8C7E-AC4F88A88F4A}.Debug|Any CPU.ActiveCfg = Debug|Any CPU
		{7FAC157F-EFA7-48EB-8C7E-AC4F88A88F4A}.Debug|Any CPU.Build.0 = Debug|Any CPU
		{7FAC157F-EFA7-48EB-8C7E-AC4F88A88F4A}.Release|Any CPU.ActiveCfg = Release|Any CPU
		{7FAC157F-EFA7-48EB-8C7E-AC4F88A88F4A}.Release|Any CPU.Build.0 = Release|Any CPU
		{2F3190B5-95D4-4487-9A89-217D021D4035}.Debug|Any CPU.ActiveCfg = Debug|Any CPU
		{2F3190B5-95D4-4487-9A89-217D021D4035}.Debug|Any CPU.Build.0 = Debug|Any CPU
		{2F3190B5-95D4-4487-9A89-217D021D4035}.Release|Any CPU.ActiveCfg = Release|Any CPU
		{2F3190B5-95D4-4487-9A89-217D021D4035}.Release|Any CPU.Build.0 = Release|Any CPU
		{2345933A-5EDF-4B91-B9FD-AAB7A5716381}.Debug|Any CPU.ActiveCfg = Debug|Any CPU
		{2345933A-5EDF-4B91-B9FD-AAB7A5716381}.Debug|Any CPU.Build.0 = Debug|Any CPU
		{2345933A-5EDF-4B91-B9FD-AAB7A5716381}.Release|Any CPU.ActiveCfg = Release|Any CPU
		{2345933A-5EDF-4B91-B9FD-AAB7A5716381}.Release|Any CPU.Build.0 = Release|Any CPU
		{468ED02A-0BD6-4BCF-8C55-89C786AE0462}.Debug|Any CPU.ActiveCfg = Debug|Any CPU
		{468ED02A-0BD6-4BCF-8C55-89C786AE0462}.Debug|Any CPU.Build.0 = Debug|Any CPU
		{468ED02A-0BD6-4BCF-8C55-89C786AE0462}.Release|Any CPU.ActiveCfg = Release|Any CPU
		{468ED02A-0BD6-4BCF-8C55-89C786AE0462}.Release|Any CPU.Build.0 = Release|Any CPU
	EndGlobalSection
	GlobalSection(SolutionProperties) = preSolution
		HideSolutionNode = FALSE
	EndGlobalSection
	GlobalSection(ExtensibilityGlobals) = postSolution
		SolutionGuid = {543B69E2-740B-4120-B12E-CE86AC13EB31}
	EndGlobalSection
EndGlobal
